
Microsoft Visual Studio Solution File, Format Version 12.00
# Visual Studio Version 17
VisualStudioVersion = 17.10.35122.118
MinimumVisualStudioVersion = 10.0.40219.1
Project("{FAE04EC0-301F-11D3-BF4B-00C04F79EFBC}") = "MatchResultsToExcel", "MatchResultsToExcel.csproj", "{DF532F56-6D43-4E69-969F-03D192BCFC92}"
EndProject
Global
	GlobalSection(SolutionConfigurationPlatforms) = preSolution
		Debug|Any CPU = Debug|Any CPU
		Release|Any CPU = Release|Any CPU
	EndGlobalSection
	GlobalSection(ProjectConfigurationPlatforms) = postSolution
		{DF532F56-6D43-4E69-969F-03D192BCFC92}.Debug|Any CPU.ActiveCfg = Debug|Any CPU
		{DF532F56-6D43-4E69-969F-03D192BCFC92}.Debug|Any CPU.Build.0 = Debug|Any CPU
		{DF532F56-6D43-4E69-969F-03D192BCFC92}.Release|Any CPU.ActiveCfg = Release|Any CPU
		{DF532F56-6D43-4E69-969F-03D192BCFC92}.Release|Any CPU.Build.0 = Release|Any CPU
	EndGlobalSection
	GlobalSection(SolutionProperties) = preSolution
		HideSolutionNode = FALSE
	EndGlobalSection
	GlobalSection(ExtensibilityGlobals) = postSolution
		SolutionGuid = {72821EC2-9E66-4F24-881D-36573157DE19}
	EndGlobalSection
EndGlobal
